
Microsoft Visual Studio Solution File, Format Version 12.00
# Visual Studio Version 16
VisualStudioVersion = 16.0.29324.140
MinimumVisualStudioVersion = 10.0.40219.1
Project("{FAE04EC0-301F-11D3-BF4B-00C04F79EFBC}") = "Ejercicio programacion grupo", "Ejercicio programacion grupo\Ejercicio programacion grupo.csproj", "{D48B91A8-780D-4913-ADAF-29F6C25D8749}"
EndProject
Global
	GlobalSection(SolutionConfigurationPlatforms) = preSolution
		Debug|Any CPU = Debug|Any CPU
		Release|Any CPU = Release|Any CPU
	EndGlobalSection
	GlobalSection(ProjectConfigurationPlatforms) = postSolution
		{D48B91A8-780D-4913-ADAF-29F6C25D8749}.Debug|Any CPU.ActiveCfg = Debug|Any CPU
		{D48B91A8-780D-4913-ADAF-29F6C25D8749}.Debug|Any CPU.Build.0 = Debug|Any CPU
		{D48B91A8-780D-4913-ADAF-29F6C25D8749}.Release|Any CPU.ActiveCfg = Release|Any CPU
		{D48B91A8-780D-4913-ADAF-29F6C25D8749}.Release|Any CPU.Build.0 = Release|Any CPU
	EndGlobalSection
	GlobalSection(SolutionProperties) = preSolution
		HideSolutionNode = FALSE
	EndGlobalSection
	GlobalSection(ExtensibilityGlobals) = postSolution
		SolutionGuid = {F65296CC-436C-4B01-B68E-A49415CB7786}
	EndGlobalSection
EndGlobal
